PODS:
  - Capacitor (6.1.1):
    - CapacitorCordova
  - CapacitorBrowser (6.0.1):
    - Capacitor
  - CapacitorCordova (6.1.1)
  - CapacitorDevice (6.0.0):
    - Capacitor
  - CapacitorEmailComposer (6.0.0):
    - Capacitor
  - CapgoInappbrowser (6.0.39):
    - Capacitor

DEPENDENCIES:
  - "Capacitor (from `../../node_modules/.pnpm/@capacitor+ios@6.1.1_@capacitor+core@6.1.1/node_modules/@capacitor/ios`)"
  - "CapacitorBrowser (from `../../node_modules/.pnpm/@capacitor+browser@6.0.1_@capacitor+core@6.1.1/node_modules/@capacitor/browser`)"
  - "CapacitorCordova (from `../../node_modules/.pnpm/@capacitor+ios@6.1.1_@capacitor+core@6.1.1/node_modules/@capacitor/ios`)"
  - "CapacitorDevice (from `../../node_modules/.pnpm/@capacitor+device@6.0.0_@capacitor+core@6.1.1/node_modules/@capacitor/device`)"
  - "CapacitorEmailComposer (from `../../node_modules/.pnpm/capacitor-email-composer@6.0.0_@capacitor+core@6.1.1/node_modules/capacitor-email-composer`)"
  - "CapgoInappbrowser (from `../../node_modules/.pnpm/@capgo+inappbrowser@6.0.39_@capacitor+core@6.1.1/node_modules/@capgo/inappbrowser`)"

EXTERNAL SOURCES:
  Capacitor:
    :path: "../../node_modules/.pnpm/@capacitor+ios@6.1.1_@capacitor+core@6.1.1/node_modules/@capacitor/ios"
  CapacitorBrowser:
    :path: "../../node_modules/.pnpm/@capacitor+browser@6.0.1_@capacitor+core@6.1.1/node_modules/@capacitor/browser"
  CapacitorCordova:
    :path: "../../node_modules/.pnpm/@capacitor+ios@6.1.1_@capacitor+core@6.1.1/node_modules/@capacitor/ios"
  CapacitorDevice:
    :path: "../../node_modules/.pnpm/@capacitor+device@6.0.0_@capacitor+core@6.1.1/node_modules/@capacitor/device"
  CapacitorEmailComposer:
    :path: "../../node_modules/.pnpm/capacitor-email-composer@6.0.0_@capacitor+core@6.1.1/node_modules/capacitor-email-composer"
  CapgoInappbrowser:
    :path: "../../node_modules/.pnpm/@capgo+inappbrowser@6.0.39_@capacitor+core@6.1.1/node_modules/@capgo/inappbrowser"

SPEC CHECKSUMS:
  Capacitor: 8941aba4364ba9d1b22188569001f2ce45cc2b00
  CapacitorBrowser: 473c7fd70ddbe541608ff09ec1be14da0078279e
  CapacitorCordova: 8f2cc8d8d3619c566e9418fe8772064a94266106
  CapacitorDevice: f8fd88f9edd1261c55a109f32015b09bbbfdc4a0
  CapacitorEmailComposer: 3c98c8cee452377cb5706cc8c59560ca70590009
  CapgoInappbrowser: 11bc1afb5772686bc896fdcd4f7fb38867bde244

PODFILE CHECKSUM: dfee43fb5544fc281dd3684cfc765080e206b6f7

COCOAPODS: 1.14.3
